github.com/line/line-bot-sdk-go/v7 v7.18.0 h1:ogrOioYKnCuyDlbNAuFb7hGdv1KGkluKWUcZx/Uocds=
github.com/line/line-bot-sdk-go/v7 v7.18.0/go.mod h1:2CXH5xBgADszymGNRRUiUqBQ/0G6r2nx3BviBYtnB3U=
gopkg.in/ini.v1 v1.67.0 h1:Dgnx+6+nfE+IfzjUEISNeydPJh9AXNNsWbGP9KzCsOA=
gopkg.in/ini.v1 v1.67.0/go.mod h1:pNLf8WUiyNEtQjuu5G5vTm06TEv9tsIgeAvK8hOrP4k=
